{
  "name": "Gravity pulse canvas",
  "lockfileVersion": 3,
  "requires": true,
  "packages": {
    "": {
      "dependencies": {
        "planck": "^1.4.2"
      }
    },
    "node_modules/planck": {
      "version": "1.4.2",
      "resolved": "https://registry.npmjs.org/planck/-/planck-1.4.2.tgz",
      "integrity": "sha512-mNbhnV3g8X2rwGxzcesjmN8BDA6qfXgQxXVMkWau9MCRlQY0RLNEkyHlVp6yFy/X6qrzAXyNONCnZ1cGDLrNew==",
      "license": "MIT",
      "engines": {
        "node": ">=14.0"
      },
      "peerDependencies": {
        "stage-js": "^1.0.0-alpha.12"
      }
    },
    "node_modules/stage-js": {
      "version": "1.0.0-alpha.17",
      "resolved": "https://registry.npmjs.org/stage-js/-/stage-js-1.0.0-alpha.17.tgz",
      "integrity": "sha512-AzlMO+t51v6cFvKZ+Oe9DJnL1OXEH5s9bEy6di5aOrUpcP7PCzI/wIeXF0u3zg0L89gwnceoKxrLId0ZpYnNXw==",
      "license": "MIT",
      "peer": true,
      "engines": {
        "node": ">=18.0"
      }
    }
  }
}
